
Microsoft Visual Studio Solution File, Format Version 12.00
# Visual Studio Version 17
VisualStudioVersion = 17.7.34024.191
MinimumVisualStudioVersion = 10.0.40219.1
Project("{9A19103F-16F7-4668-BE54-9A1E7A4F7556}") = "OfficesAPI", "OfficesAPI\OfficesAPI.csproj", "{F68D80FA-FE57-4BA0-B1EA-3AAFDD8258B6}"
EndProject
Project("{9A19103F-16F7-4668-BE54-9A1E7A4F7556}") = "AuthAPI", "AuthAPI\AuthAPI.csproj", "{18D000E2-0167-47D5-A0C7-6C4459DDAA37}"
EndProject
Project("{9A19103F-16F7-4668-BE54-9A1E7A4F7556}") = "ServicesAPI", "ServicesAPI\ServicesAPI.csproj", "{5CC28E28-134B-4361-84E6-BE371DC29A49}"
EndProject
Project("{9A19103F-16F7-4668-BE54-9A1E7A4F7556}") = "ProfilesAPI", "ProfilesAPI\ProfilesAPI.csproj", "{D6EF55FF-F7FB-4283-8CF8-2DC107CDA022}"
EndProject
Project("{9A19103F-16F7-4668-BE54-9A1E7A4F7556}") = "DocumentsAPI", "DocumentsAPI\DocumentsAPI.csproj", "{391A017F-E2E0-45AA-BCAE-B87078B16A79}"
EndProject
Project("{9A19103F-16F7-4668-BE54-9A1E7A4F7556}") = "AppointmentsAPI", "AppointmentsAPI\AppointmentsAPI.csproj", "{448C2585-E642-45F1-9D3E-82443C33B91A}"
EndProject
Project("{9A19103F-16F7-4668-BE54-9A1E7A4F7556}") = "GatewayAPI", "GatewayAPI\GatewayAPI.csproj", "{D86AF29A-5920-476C-BB53-1B9DF333A1CD}"
EndProject
Project("{9A19103F-16F7-4668-BE54-9A1E7A4F7556}") = "Orchestrator", "Orchestrator\Orchestrator.csproj", "{39B72108-DB73-4E17-AB08-CC9ADB939BC8}"
EndProject
Project("{9A19103F-16F7-4668-BE54-9A1E7A4F7556}") = "JuliaChistyakovaPackage", "MyPackage\JuliaChistyakovaPackage.csproj", "{B49347A0-9F75-4C28-BCF5-146C0A9A20BF}"
EndProject
Project("{9A19103F-16F7-4668-BE54-9A1E7A4F7556}") = "SharedModels", "SharedModels\SharedModels.csproj", "{1255F6BC-4BD2-4D73-8275-FBB7B355F94D}"
EndProject
Project("{FAE04EC0-301F-11D3-BF4B-00C04F79EFBC}") = "UnitTests", "UnitTests\UnitTests.csproj", "{08590660-FCFC-442F-A9CF-858BB2C54BC8}"
EndProject
Global
	GlobalSection(SolutionConfigurationPlatforms) = preSolution
		Debug|Any CPU = Debug|Any CPU
		Release|Any CPU = Release|Any CPU
	EndGlobalSection
	GlobalSection(ProjectConfigurationPlatforms) = postSolution
		{F68D80FA-FE57-4BA0-B1EA-3AAFDD8258B6}.Debug|Any CPU.ActiveCfg = Debug|Any CPU
		{F68D80FA-FE57-4BA0-B1EA-3AAFDD8258B6}.Debug|Any CPU.Build.0 = Debug|Any CPU
		{F68D80FA-FE57-4BA0-B1EA-3AAFDD8258B6}.Release|Any CPU.ActiveCfg = Release|Any CPU
		{18D000E2-0167-47D5-A0C7-6C4459DDAA37}.Debug|Any CPU.ActiveCfg = Debug|Any CPU
		{18D000E2-0167-47D5-A0C7-6C4459DDAA37}.Debug|Any CPU.Build.0 = Debug|Any CPU
		{18D000E2-0167-47D5-A0C7-6C4459DDAA37}.Release|Any CPU.ActiveCfg = Release|Any CPU
		{5CC28E28-134B-4361-84E6-BE371DC29A49}.Debug|Any CPU.ActiveCfg = Debug|Any CPU
		{5CC28E28-134B-4361-84E6-BE371DC29A49}.Debug|Any CPU.Build.0 = Debug|Any CPU
		{5CC28E28-134B-4361-84E6-BE371DC29A49}.Release|Any CPU.ActiveCfg = Release|Any CPU
		{D6EF55FF-F7FB-4283-8CF8-2DC107CDA022}.Debug|Any CPU.ActiveCfg = Debug|Any CPU
		{D6EF55FF-F7FB-4283-8CF8-2DC107CDA022}.Debug|Any CPU.Build.0 = Debug|Any CPU
		{D6EF55FF-F7FB-4283-8CF8-2DC107CDA022}.Release|Any CPU.ActiveCfg = Release|Any CPU
		{391A017F-E2E0-45AA-BCAE-B87078B16A79}.Debug|Any CPU.ActiveCfg = Debug|Any CPU
		{391A017F-E2E0-45AA-BCAE-B87078B16A79}.Debug|Any CPU.Build.0 = Debug|Any CPU
		{391A017F-E2E0-45AA-BCAE-B87078B16A79}.Release|Any CPU.ActiveCfg = Release|Any CPU
		{448C2585-E642-45F1-9D3E-82443C33B91A}.Debug|Any CPU.ActiveCfg = Debug|Any CPU
		{448C2585-E642-45F1-9D3E-82443C33B91A}.Debug|Any CPU.Build.0 = Debug|Any CPU
		{448C2585-E642-45F1-9D3E-82443C33B91A}.Release|Any CPU.ActiveCfg = Release|Any CPU
		{D86AF29A-5920-476C-BB53-1B9DF333A1CD}.Debug|Any CPU.ActiveCfg = Debug|Any CPU
		{D86AF29A-5920-476C-BB53-1B9DF333A1CD}.Debug|Any CPU.Build.0 = Debug|Any CPU
		{D86AF29A-5920-476C-BB53-1B9DF333A1CD}.Release|Any CPU.ActiveCfg = Release|Any CPU
		{39B72108-DB73-4E17-AB08-CC9ADB939BC8}.Debug|Any CPU.ActiveCfg = Debug|Any CPU
		{39B72108-DB73-4E17-AB08-CC9ADB939BC8}.Debug|Any CPU.Build.0 = Debug|Any CPU
		{39B72108-DB73-4E17-AB08-CC9ADB939BC8}.Release|Any CPU.ActiveCfg = Release|Any CPU
		{B49347A0-9F75-4C28-BCF5-146C0A9A20BF}.Debug|Any CPU.ActiveCfg = Debug|Any CPU
		{B49347A0-9F75-4C28-BCF5-146C0A9A20BF}.Debug|Any CPU.Build.0 = Debug|Any CPU
		{B49347A0-9F75-4C28-BCF5-146C0A9A20BF}.Release|Any CPU.ActiveCfg = Release|Any CPU
		{B49347A0-9F75-4C28-BCF5-146C0A9A20BF}.Release|Any CPU.Build.0 = Release|Any CPU
		{1255F6BC-4BD2-4D73-8275-FBB7B355F94D}.Debug|Any CPU.ActiveCfg = Debug|Any CPU
		{1255F6BC-4BD2-4D73-8275-FBB7B355F94D}.Debug|Any CPU.Build.0 = Debug|Any CPU
		{1255F6BC-4BD2-4D73-8275-FBB7B355F94D}.Release|Any CPU.ActiveCfg = Release|Any CPU
		{1255F6BC-4BD2-4D73-8275-FBB7B355F94D}.Release|Any CPU.Build.0 = Release|Any CPU
		{08590660-FCFC-442F-A9CF-858BB2C54BC8}.Debug|Any CPU.ActiveCfg = Debug|Any CPU
		{08590660-FCFC-442F-A9CF-858BB2C54BC8}.Debug|Any CPU.Build.0 = Debug|Any CPU
		{08590660-FCFC-442F-A9CF-858BB2C54BC8}.Release|Any CPU.ActiveCfg = Release|Any CPU
		{08590660-FCFC-442F-A9CF-858BB2C54BC8}.Release|Any CPU.Build.0 = Release|Any CPU
	EndGlobalSection
	GlobalSection(SolutionProperties) = preSolution
		HideSolutionNode = FALSE
	EndGlobalSection
	GlobalSection(ExtensibilityGlobals) = postSolution
		SolutionGuid = {3FB8E092-EAFD-4755-84E3-CE14B0B87033}
	EndGlobalSection
EndGlobal
